
Microsoft Visual Studio Solution File, Format Version 12.00
# Visual Studio Version 17
VisualStudioVersion = 17.1.32228.430
MinimumVisualStudioVersion = 10.0.40219.1
Project("{FAE04EC0-301F-11D3-BF4B-00C04F79EFBC}") = "EpicSolutions", "EpicSolutions\EpicSolutions.csproj", "{D41B990D-9605-4D92-A614-E68C8C6B8B80}"
EndProject
Global
	GlobalSection(SolutionConfigurationPlatforms) = preSolution
		Debug|Any CPU = Debug|Any CPU
		Release|Any CPU = Release|Any CPU
	EndGlobalSection
	GlobalSection(ProjectConfigurationPlatforms) = postSolution
		{D41B990D-9605-4D92-A614-E68C8C6B8B80}.Debug|Any CPU.ActiveCfg = Debug|Any CPU
		{D41B990D-9605-4D92-A614-E68C8C6B8B80}.Debug|Any CPU.Build.0 = Debug|Any CPU
		{D41B990D-9605-4D92-A614-E68C8C6B8B80}.Release|Any CPU.ActiveCfg = Release|Any CPU
		{D41B990D-9605-4D92-A614-E68C8C6B8B80}.Release|Any CPU.Build.0 = Release|Any CPU
	EndGlobalSection
	GlobalSection(SolutionProperties) = preSolution
		HideSolutionNode = FALSE
	EndGlobalSection
	GlobalSection(ExtensibilityGlobals) = postSolution
		SolutionGuid = {F68E1E36-8AB0-4B4D-8C2E-3CB225731EBE}
	EndGlobalSection
EndGlobal
